
Microsoft Visual Studio Solution File, Format Version 12.00
# Visual Studio Version 17
VisualStudioVersion = 17.9.34622.214
MinimumVisualStudioVersion = 10.0.40219.1
Project("{FAE04EC0-301F-11D3-BF4B-00C04F79EFBC}") = "Entity", "Entity\Entity.csproj", "{3169D765-E45C-4E50-B168-478C47B65D36}"
EndProject
Project("{FAE04EC0-301F-11D3-BF4B-00C04F79EFBC}") = "DAL", "DAL\DAL.csproj", "{0A0942E6-20B0-4FEB-842B-E015810DE4D9}"
EndProject
Project("{FAE04EC0-301F-11D3-BF4B-00C04F79EFBC}") = "BLL", "BLL\BLL.csproj", "{541C4AFD-4E1B-4568-96DC-E971B2C21CE1}"
EndProject
Project("{FAE04EC0-301F-11D3-BF4B-00C04F79EFBC}") = "App_Tesoreria", "App_Tesoreria\App_Tesoreria.csproj", "{AD7F8BEB-70B7-4725-BBF6-BA9A6E5403EC}"
EndProject
Project("{FAE04EC0-301F-11D3-BF4B-00C04F79EFBC}") = "App_RRHH", "App_RRHH\App_RRHH.csproj", "{746007A9-DAF5-466D-AC22-E571FE7580EF}"
EndProject
Project("{FAE04EC0-301F-11D3-BF4B-00C04F79EFBC}") = "App_Nomina", "App_Nomina\App_Nomina.csproj", "{BD0C7A59-AD2F-44C6-AE08-F17771CB6A98}"
EndProject
Project("{2150E333-8FDC-42A3-9474-1A3956D46DE8}") = "1_Entidad", "1_Entidad", "{24504A0F-7902-4D75-B6A5-4E826D33A968}"
EndProject
Project("{2150E333-8FDC-42A3-9474-1A3956D46DE8}") = "2_Acceso_Datos", "2_Acceso_Datos", "{DE84BE61-4F47-4C48-B80C-67C4D0628374}"
EndProject
Project("{2150E333-8FDC-42A3-9474-1A3956D46DE8}") = "3_Logica_Negocio", "3_Logica_Negocio", "{D7916432-C4E0-4104-B75E-551DA50C9B0C}"
EndProject
Project("{2150E333-8FDC-42A3-9474-1A3956D46DE8}") = "App_Escritorio", "App_Escritorio", "{49F3E946-4B05-499A-ADBC-B635BE9CEA3B}"
EndProject
Project("{2150E333-8FDC-42A3-9474-1A3956D46DE8}") = "4_Presentacion", "4_Presentacion", "{E7F09620-8508-4A4A-B915-6086E79E8E24}"
EndProject
Project("{FAE04EC0-301F-11D3-BF4B-00C04F79EFBC}") = "App_General", "App_General\App_General.csproj", "{FC72160F-5C37-4E78-B371-E71DB2F7FF18}"
EndProject
Project("{FAE04EC0-301F-11D3-BF4B-00C04F79EFBC}") = "App_Contabilidad", "App_Contabilidad\App_Contabilidad\App_Contabilidad.csproj", "{48E0E6BE-B7AB-47F1-982C-D17F16B124D2}"
EndProject
Global
	GlobalSection(SolutionConfigurationPlatforms) = preSolution
		Debug|Any CPU = Debug|Any CPU
		Release|Any CPU = Release|Any CPU
	EndGlobalSection
	GlobalSection(ProjectConfigurationPlatforms) = postSolution
		{3169D765-E45C-4E50-B168-478C47B65D36}.Debug|Any CPU.ActiveCfg = Debug|Any CPU
		{3169D765-E45C-4E50-B168-478C47B65D36}.Debug|Any CPU.Build.0 = Debug|Any CPU
		{3169D765-E45C-4E50-B168-478C47B65D36}.Release|Any CPU.ActiveCfg = Release|Any CPU
		{3169D765-E45C-4E50-B168-478C47B65D36}.Release|Any CPU.Build.0 = Release|Any CPU
		{0A0942E6-20B0-4FEB-842B-E015810DE4D9}.Debug|Any CPU.ActiveCfg = Debug|Any CPU
		{0A0942E6-20B0-4FEB-842B-E015810DE4D9}.Debug|Any CPU.Build.0 = Debug|Any CPU
		{0A0942E6-20B0-4FEB-842B-E015810DE4D9}.Release|Any CPU.ActiveCfg = Release|Any CPU
		{0A0942E6-20B0-4FEB-842B-E015810DE4D9}.Release|Any CPU.Build.0 = Release|Any CPU
		{541C4AFD-4E1B-4568-96DC-E971B2C21CE1}.Debug|Any CPU.ActiveCfg = Debug|Any CPU
		{541C4AFD-4E1B-4568-96DC-E971B2C21CE1}.Debug|Any CPU.Build.0 = Debug|Any CPU
		{541C4AFD-4E1B-4568-96DC-E971B2C21CE1}.Release|Any CPU.ActiveCfg = Release|Any CPU
		{541C4AFD-4E1B-4568-96DC-E971B2C21CE1}.Release|Any CPU.Build.0 = Release|Any CPU
		{AD7F8BEB-70B7-4725-BBF6-BA9A6E5403EC}.Debug|Any CPU.ActiveCfg = Debug|Any CPU
		{AD7F8BEB-70B7-4725-BBF6-BA9A6E5403EC}.Debug|Any CPU.Build.0 = Debug|Any CPU
		{AD7F8BEB-70B7-4725-BBF6-BA9A6E5403EC}.Release|Any CPU.ActiveCfg = Release|Any CPU
		{AD7F8BEB-70B7-4725-BBF6-BA9A6E5403EC}.Release|Any CPU.Build.0 = Release|Any CPU
		{746007A9-DAF5-466D-AC22-E571FE7580EF}.Debug|Any CPU.ActiveCfg = Debug|Any CPU
		{746007A9-DAF5-466D-AC22-E571FE7580EF}.Debug|Any CPU.Build.0 = Debug|Any CPU
		{746007A9-DAF5-466D-AC22-E571FE7580EF}.Release|Any CPU.ActiveCfg = Release|Any CPU
		{746007A9-DAF5-466D-AC22-E571FE7580EF}.Release|Any CPU.Build.0 = Release|Any CPU
		{BD0C7A59-AD2F-44C6-AE08-F17771CB6A98}.Debug|Any CPU.ActiveCfg = Debug|Any CPU
		{BD0C7A59-AD2F-44C6-AE08-F17771CB6A98}.Debug|Any CPU.Build.0 = Debug|Any CPU
		{BD0C7A59-AD2F-44C6-AE08-F17771CB6A98}.Release|Any CPU.ActiveCfg = Release|Any CPU
		{BD0C7A59-AD2F-44C6-AE08-F17771CB6A98}.Release|Any CPU.Build.0 = Release|Any CPU
		{FC72160F-5C37-4E78-B371-E71DB2F7FF18}.Debug|Any CPU.ActiveCfg = Debug|Any CPU
		{FC72160F-5C37-4E78-B371-E71DB2F7FF18}.Debug|Any CPU.Build.0 = Debug|Any CPU
		{FC72160F-5C37-4E78-B371-E71DB2F7FF18}.Release|Any CPU.ActiveCfg = Release|Any CPU
		{FC72160F-5C37-4E78-B371-E71DB2F7FF18}.Release|Any CPU.Build.0 = Release|Any CPU
		{48E0E6BE-B7AB-47F1-982C-D17F16B124D2}.Debug|Any CPU.ActiveCfg = Debug|Any CPU
		{48E0E6BE-B7AB-47F1-982C-D17F16B124D2}.Debug|Any CPU.Build.0 = Debug|Any CPU
		{48E0E6BE-B7AB-47F1-982C-D17F16B124D2}.Release|Any CPU.ActiveCfg = Release|Any CPU
		{48E0E6BE-B7AB-47F1-982C-D17F16B124D2}.Release|Any CPU.Build.0 = Release|Any CPU
	EndGlobalSection
	GlobalSection(SolutionProperties) = preSolution
		HideSolutionNode = FALSE
	EndGlobalSection
	GlobalSection(NestedProjects) = preSolution
		{3169D765-E45C-4E50-B168-478C47B65D36} = {24504A0F-7902-4D75-B6A5-4E826D33A968}
		{0A0942E6-20B0-4FEB-842B-E015810DE4D9} = {DE84BE61-4F47-4C48-B80C-67C4D0628374}
		{541C4AFD-4E1B-4568-96DC-E971B2C21CE1} = {D7916432-C4E0-4104-B75E-551DA50C9B0C}
		{AD7F8BEB-70B7-4725-BBF6-BA9A6E5403EC} = {49F3E946-4B05-499A-ADBC-B635BE9CEA3B}
		{746007A9-DAF5-466D-AC22-E571FE7580EF} = {49F3E946-4B05-499A-ADBC-B635BE9CEA3B}
		{BD0C7A59-AD2F-44C6-AE08-F17771CB6A98} = {49F3E946-4B05-499A-ADBC-B635BE9CEA3B}
		{49F3E946-4B05-499A-ADBC-B635BE9CEA3B} = {E7F09620-8508-4A4A-B915-6086E79E8E24}
		{FC72160F-5C37-4E78-B371-E71DB2F7FF18} = {49F3E946-4B05-499A-ADBC-B635BE9CEA3B}
		{48E0E6BE-B7AB-47F1-982C-D17F16B124D2} = {49F3E946-4B05-499A-ADBC-B635BE9CEA3B}
	EndGlobalSection
	GlobalSection(ExtensibilityGlobals) = postSolution
		SolutionGuid = {AD306BB5-A7E7-4B87-933F-DC25C244A7A1}
	EndGlobalSection
EndGlobal
